
Microsoft Visual Studio Solution File, Format Version 12.00
# Visual Studio Version 17
VisualStudioVersion = 17.5.002.0
MinimumVisualStudioVersion = 10.0.40219.1
Project("{9A19103F-16F7-4668-BE54-9A1E7A4F7556}") = "StudentFeesTracker", "StudentFeesTracker.csproj", "{E202ED27-2A3B-46CD-B3A8-9BFBE153129D}"
EndProject
Global
	GlobalSection(SolutionConfigurationPlatforms) = preSolution
		Debug|Any CPU = Debug|Any CPU
		Release|Any CPU = Release|Any CPU
	EndGlobalSection
	GlobalSection(ProjectConfigurationPlatforms) = postSolution
		{E202ED27-2A3B-46CD-B3A8-9BFBE153129D}.Debug|Any CPU.ActiveCfg = Debug|Any CPU
		{E202ED27-2A3B-46CD-B3A8-9BFBE153129D}.Debug|Any CPU.Build.0 = Debug|Any CPU
		{E202ED27-2A3B-46CD-B3A8-9BFBE153129D}.Release|Any CPU.ActiveCfg = Release|Any CPU
		{E202ED27-2A3B-46CD-B3A8-9BFBE153129D}.Release|Any CPU.Build.0 = Release|Any CPU
	EndGlobalSection
	GlobalSection(SolutionProperties) = preSolution
		HideSolutionNode = FALSE
	EndGlobalSection
	GlobalSection(ExtensibilityGlobals) = postSolution
		SolutionGuid = {14FE9A82-0894-4D07-AA9D-B3C9D910F4C9}
	EndGlobalSection
EndGlobal
